
Microsoft Visual Studio Solution File, Format Version 12.00
# Visual Studio Version 17
VisualStudioVersion = 17.1.32414.318
MinimumVisualStudioVersion = 10.0.40219.1
Project("{FAE04EC0-301F-11D3-BF4B-00C04F79EFBC}") = "Contact Tracing 2. 0", "Contact Tracing 2. 0.csproj", "{E54330B3-483E-495F-9072-2A33DCFF11C5}"
EndProject
Global
	GlobalSection(SolutionConfigurationPlatforms) = preSolution
		Debug|Any CPU = Debug|Any CPU
		Release|Any CPU = Release|Any CPU
	EndGlobalSection
	GlobalSection(ProjectConfigurationPlatforms) = postSolution
		{E54330B3-483E-495F-9072-2A33DCFF11C5}.Debug|Any CPU.ActiveCfg = Debug|Any CPU
		{E54330B3-483E-495F-9072-2A33DCFF11C5}.Debug|Any CPU.Build.0 = Debug|Any CPU
		{E54330B3-483E-495F-9072-2A33DCFF11C5}.Release|Any CPU.ActiveCfg = Release|Any CPU
		{E54330B3-483E-495F-9072-2A33DCFF11C5}.Release|Any CPU.Build.0 = Release|Any CPU
	EndGlobalSection
	GlobalSection(SolutionProperties) = preSolution
		HideSolutionNode = FALSE
	EndGlobalSection
	GlobalSection(ExtensibilityGlobals) = postSolution
		SolutionGuid = {EC000FB3-E655-4C57-B814-BFABEA80A10E}
	EndGlobalSection
EndGlobal
